
Microsoft Visual Studio Solution File, Format Version 12.00
# Visual Studio Version 17
VisualStudioVersion = 17.0.31919.166
MinimumVisualStudioVersion = 10.0.40219.1
Project("{FAE04EC0-301F-11D3-BF4B-00C04F79EFBC}") = "MW.Feature.MarketingAutomation.Forms", "MW.Feature.MarketingAutomation.Forms\MW.Feature.MarketingAutomation.Forms.csproj", "{F37C1010-1199-4C42-A3F3-2BA94B251791}"
EndProject
Global
	GlobalSection(SolutionConfigurationPlatforms) = preSolution
		Debug|Any CPU = Debug|Any CPU
		Release|Any CPU = Release|Any CPU
	EndGlobalSection
	GlobalSection(ProjectConfigurationPlatforms) = postSolution
		{F37C1010-1199-4C42-A3F3-2BA94B251791}.Debug|Any CPU.ActiveCfg = Debug|Any CPU
		{F37C1010-1199-4C42-A3F3-2BA94B251791}.Debug|Any CPU.Build.0 = Debug|Any CPU
		{F37C1010-1199-4C42-A3F3-2BA94B251791}.Release|Any CPU.ActiveCfg = Release|Any CPU
		{F37C1010-1199-4C42-A3F3-2BA94B251791}.Release|Any CPU.Build.0 = Release|Any CPU
	EndGlobalSection
	GlobalSection(SolutionProperties) = preSolution
		HideSolutionNode = FALSE
	EndGlobalSection
	GlobalSection(ExtensibilityGlobals) = postSolution
		EnterpriseLibraryConfigurationToolBinariesPathV6 = packages\EnterpriseLibrary.Common.6.0.1304.0\lib\NET45;packages\EnterpriseLibrary.TransientFaultHandling.6.0.1304.0\lib\portable-net45+win+wp8;packages\EnterpriseLibrary.TransientFaultHandling.Caching.6.0.1304.0\lib\NET45;packages\EnterpriseLibrary.TransientFaultHandling.Data.6.0.1304.1\lib\NET45;packages\EnterpriseLibrary.TransientFaultHandling.ServiceBus.6.0.1304.0\lib\NET45
		SolutionGuid = {49A615C0-F5C1-46EE-B960-2B534CB0AC76}
	EndGlobalSection
EndGlobal
